
Microsoft Visual Studio Solution File, Format Version 12.00
# Visual Studio 15
VisualStudioVersion = 15.0.27004.2002
MinimumVisualStudioVersion = 10.0.40219.1
Project("{9A19103F-16F7-4668-BE54-9A1E7A4F7556}") = "NodeDemo", "NodeDemo\NodeDemo.csproj", "{5EEC10A7-46BC-4F2B-AE62-855085AA57E7}"
EndProject
Project("{FAE04EC0-301F-11D3-BF4B-00C04F79EFBC}") = "LinkedList", "02. Linked-List-CSharp-Skeleton\LinkedList\LinkedList.csproj", "{67C2A7E9-C3FE-46D9-8A8B-C20DD6542D76}"
EndProject
Project("{FAE04EC0-301F-11D3-BF4B-00C04F79EFBC}") = "Tests.LinkedList", "02. Linked-List-CSharp-Skeleton\Tests.LinkedList\Tests.LinkedList.csproj", "{F7B22781-8445-43F4-B52F-8F550BBC5D0E}"
EndProject
Project("{9A19103F-16F7-4668-BE54-9A1E7A4F7556}") = "MatchingBrackets", "MatchingBrackets\MatchingBrackets.csproj", "{C9BB2FF6-E1E6-4D5D-BBA3-CBDFCD834473}"
EndProject
Project("{FAE04EC0-301F-11D3-BF4B-00C04F79EFBC}") = "CircularQueue", "Circular-Queue\Circular-Queue\CircularQueue\CircularQueue.csproj", "{2CB50F92-35AF-47E5-BA6F-02446AACD536}"
EndProject
Project("{FAE04EC0-301F-11D3-BF4B-00C04F79EFBC}") = "CircularQueue.Tests", "Circular-Queue\Circular-Queue\CircularQueue.Tests\CircularQueue.Tests.csproj", "{D852AD35-E7FC-499B-A913-11479BB76674}"
EndProject
Global
	GlobalSection(SolutionConfigurationPlatforms) = preSolution
		Debug|Any CPU = Debug|Any CPU
		Release|Any CPU = Release|Any CPU
	EndGlobalSection
	GlobalSection(ProjectConfigurationPlatforms) = postSolution
		{5EEC10A7-46BC-4F2B-AE62-855085AA57E7}.Debug|Any CPU.ActiveCfg = Debug|Any CPU
		{5EEC10A7-46BC-4F2B-AE62-855085AA57E7}.Debug|Any CPU.Build.0 = Debug|Any CPU
		{5EEC10A7-46BC-4F2B-AE62-855085AA57E7}.Release|Any CPU.ActiveCfg = Release|Any CPU
		{5EEC10A7-46BC-4F2B-AE62-855085AA57E7}.Release|Any CPU.Build.0 = Release|Any CPU
		{67C2A7E9-C3FE-46D9-8A8B-C20DD6542D76}.Debug|Any CPU.ActiveCfg = Debug|Any CPU
		{67C2A7E9-C3FE-46D9-8A8B-C20DD6542D76}.Debug|Any CPU.Build.0 = Debug|Any CPU
		{67C2A7E9-C3FE-46D9-8A8B-C20DD6542D76}.Release|Any CPU.ActiveCfg = Release|Any CPU
		{67C2A7E9-C3FE-46D9-8A8B-C20DD6542D76}.Release|Any CPU.Build.0 = Release|Any CPU
		{F7B22781-8445-43F4-B52F-8F550BBC5D0E}.Debug|Any CPU.ActiveCfg = Debug|Any CPU
		{F7B22781-8445-43F4-B52F-8F550BBC5D0E}.Debug|Any CPU.Build.0 = Debug|Any CPU
		{F7B22781-8445-43F4-B52F-8F550BBC5D0E}.Release|Any CPU.ActiveCfg = Release|Any CPU
		{F7B22781-8445-43F4-B52F-8F550BBC5D0E}.Release|Any CPU.Build.0 = Release|Any CPU
		{C9BB2FF6-E1E6-4D5D-BBA3-CBDFCD834473}.Debug|Any CPU.ActiveCfg = Debug|Any CPU
		{C9BB2FF6-E1E6-4D5D-BBA3-CBDFCD834473}.Debug|Any CPU.Build.0 = Debug|Any CPU
		{C9BB2FF6-E1E6-4D5D-BBA3-CBDFCD834473}.Release|Any CPU.ActiveCfg = Release|Any CPU
		{C9BB2FF6-E1E6-4D5D-BBA3-CBDFCD834473}.Release|Any CPU.Build.0 = Release|Any CPU
		{2CB50F92-35AF-47E5-BA6F-02446AACD536}.Debug|Any CPU.ActiveCfg = Debug|Any CPU
		{2CB50F92-35AF-47E5-BA6F-02446AACD536}.Debug|Any CPU.Build.0 = Debug|Any CPU
		{2CB50F92-35AF-47E5-BA6F-02446AACD536}.Release|Any CPU.ActiveCfg = Release|Any CPU
		{2CB50F92-35AF-47E5-BA6F-02446AACD536}.Release|Any CPU.Build.0 = Release|Any CPU
		{D852AD35-E7FC-499B-A913-11479BB76674}.Debug|Any CPU.ActiveCfg = Debug|Any CPU
		{D852AD35-E7FC-499B-A913-11479BB76674}.Debug|Any CPU.Build.0 = Debug|Any CPU
		{D852AD35-E7FC-499B-A913-11479BB76674}.Release|Any CPU.ActiveCfg = Release|Any CPU
		{D852AD35-E7FC-499B-A913-11479BB76674}.Release|Any CPU.Build.0 = Release|Any CPU
	EndGlobalSection
	GlobalSection(SolutionProperties) = preSolution
		HideSolutionNode = FALSE
	EndGlobalSection
	GlobalSection(ExtensibilityGlobals) = postSolution
		SolutionGuid = {4F7F29DA-5AA1-4BBA-80C5-204FDCE440BE}
	EndGlobalSection
EndGlobal
